
Microsoft Visual Studio Solution File, Format Version 12.00
# Visual Studio Version 17
VisualStudioVersion = 17.1.32210.238
MinimumVisualStudioVersion = 10.0.40219.1
Project("{FAE04EC0-301F-11D3-BF4B-00C04F79EFBC}") = "kwadrat1", "kwadrat1\kwadrat1.csproj", "{124ECBBC-F47F-4D11-8C9E-E55D81828D78}"
EndProject
Global
	GlobalSection(SolutionConfigurationPlatforms) = preSolution
		Debug|Any CPU = Debug|Any CPU
		Release|Any CPU = Release|Any CPU
	EndGlobalSection
	GlobalSection(ProjectConfigurationPlatforms) = postSolution
		{124ECBBC-F47F-4D11-8C9E-E55D81828D78}.Debug|Any CPU.ActiveCfg = Debug|Any CPU
		{124ECBBC-F47F-4D11-8C9E-E55D81828D78}.Debug|Any CPU.Build.0 = Debug|Any CPU
		{124ECBBC-F47F-4D11-8C9E-E55D81828D78}.Release|Any CPU.ActiveCfg = Release|Any CPU
		{124ECBBC-F47F-4D11-8C9E-E55D81828D78}.Release|Any CPU.Build.0 = Release|Any CPU
	EndGlobalSection
	GlobalSection(SolutionProperties) = preSolution
		HideSolutionNode = FALSE
	EndGlobalSection
	GlobalSection(ExtensibilityGlobals) = postSolution
		SolutionGuid = {DE8D56E5-AF6F-4E48-9628-86C1DE0FEBA3}
	EndGlobalSection
EndGlobal
